
Microsoft Visual Studio Solution File, Format Version 12.00
# Visual Studio 2012
Project("{FAE04EC0-301F-11D3-BF4B-00C04F79EFBC}") = "sharpPRNG", "sharpPRNG\sharpPRNG.csproj", "{FA943CFE-CB4D-454F-84E9-F1FA8A3B6072}"
EndProject
Project("{FAE04EC0-301F-11D3-BF4B-00C04F79EFBC}") = "testSharpPRNG", "testSharpPRNG\testSharpPRNG.csproj", "{491ECF0C-A5A5-4741-8BA5-A6397BD2B0C0}"
EndProject
Global
	GlobalSection(SolutionConfigurationPlatforms) = preSolution
		Debug|Any CPU = Debug|Any CPU
		Release|Any CPU = Release|Any CPU
	EndGlobalSection
	GlobalSection(ProjectConfigurationPlatforms) = postSolution
		{491ECF0C-A5A5-4741-8BA5-A6397BD2B0C0}.Debug|Any CPU.ActiveCfg = Debug|Any CPU
		{491ECF0C-A5A5-4741-8BA5-A6397BD2B0C0}.Debug|Any CPU.Build.0 = Debug|Any CPU
		{491ECF0C-A5A5-4741-8BA5-A6397BD2B0C0}.Release|Any CPU.ActiveCfg = Release|Any CPU
		{491ECF0C-A5A5-4741-8BA5-A6397BD2B0C0}.Release|Any CPU.Build.0 = Release|Any CPU
		{FA943CFE-CB4D-454F-84E9-F1FA8A3B6072}.Debug|Any CPU.ActiveCfg = Debug|Any CPU
		{FA943CFE-CB4D-454F-84E9-F1FA8A3B6072}.Debug|Any CPU.Build.0 = Debug|Any CPU
		{FA943CFE-CB4D-454F-84E9-F1FA8A3B6072}.Release|Any CPU.ActiveCfg = Release|Any CPU
		{FA943CFE-CB4D-454F-84E9-F1FA8A3B6072}.Release|Any CPU.Build.0 = Release|Any CPU
	EndGlobalSection
EndGlobal
